// !$*UTF8*$!
{
	archiveVersion = 1;
	classes = {
	};
	objectVersion = 46;
	objects = {

/* Begin PBXBuildFile section */
		9F25A9E41B03B12200FAF1EA /* AppDelegate.m in Sources */ = {isa = PBXBuildFile; fileRef = 9F25A9E31B03B12200FAF1EA /* AppDelegate.m */; };
		9F25A9E61B03B12200FAF1EA /* main.m in Sources */ = {isa = PBXBuildFile; fileRef = 9F25A9E51B03B12200FAF1EA /* main.m */; };
		9F25A9E91B03B12200FAF1EA /* ViewController.m in Sources */ = {isa = PBXBuildFile; fileRef = 9F25A9E81B03B12200FAF1EA /* ViewController.m */; };
		9F25A9EB1B03B12200FAF1EA /* Images.xcassets in Resources */ = {isa = PBXBuildFile; fileRef = 9F25A9EA1B03B12200FAF1EA /* Images.xcassets */; };
		9F25A9EE1B03B12200FAF1EA /* Main.storyboard in Resources */ = {isa = PBXBuildFile; fileRef = 9F25A9EC1B03B12200FAF1EA /* Main.storyboard */; };
		9F25A9FA1B03B12200FAF1EA /* testTests.m in Sources */ = {isa = PBXBuildFile; fileRef = 9F25A9F91B03B12200FAF1EA /* testTests.m */; };
/* End PBXBuildFile section */

/* Begin PBXContainerItemProxy section */
		9F25A9F41B03B12200FAF1EA /* PBXContainerItemProxy */ = {
			isa = PBXContainerItemProxy;
			containerPortal = 9F25A9D51B03B12200FAF1EA /* Project object */;
			proxyType = 1;
			remoteGlobalIDString = 9F25A9DC1B03B12200FAF1EA;
			remoteInfo = test;
		};
/* End PBXContainerItemProxy section */

/* Begin PBXFileReference section */
		9F25A9DD1B03B12200FAF1EA /* test.app */ = {isa = PBXFileReference; explicitFileType = wrapper.application; includeInIndex = 0; path = test.app; sourceTree = BUILT_PRODUCTS_DIR; };
		9F25A9E11B03B12200FAF1EA /* Info.plist */ = {isa = PBXFileReference; lastKnownFileType = text.plist.xml; path = Info.plist; sourceTree = "<group>"; };
		9F25A9E21B03B12200FAF1EA /* AppDelegate.h */ = {isa = PBXFileReference; lastKnownFileType = sourcecode.c.h; path = AppDelegate.h; sourceTree = "<group>"; };
		9F25A9E31B03B12200FAF1EA /* AppDelegate.m */ = {isa = PBXFileReference; lastKnownFileType = sourcecode.c.objc; path = AppDelegate.m; sourceTree = "<group>"; };
		9F25A9E51B03B12200FAF1EA /* main.m */ = {isa = PBXFileReference; lastKnownFileType = sourcecode.c.objc; path = main.m; sourceTree = "<group>"; };
		9F25A9E71B03B12200FAF1EA /* ViewController.h */ = {isa = PBXFileReference; lastKnownFileType = sourcecode.c.h; path = ViewController.h; sourceTree = "<group>"; };
		9F25A9E81B03B12200FAF1EA /* ViewController.m */ = {isa = PBXFileReference; lastKnownFileType = sourcecode.c.objc; path = ViewController.m; sourceTree = "<group>"; };
		9F25A9EA1B03B12200FAF1EA /* Images.xcassets */ = {isa = PBXFileReference; lastKnownFileType = folder.assetcatalog; path = Images.xcassets; sourceTree = "<group>"; };
		9F25A9ED1B03B12200FAF1EA /* Base */ = {isa = PBXFileReference; lastKnownFileType = file.storyboard; name = Base; path = Base.lproj/Main.storyboard; sourceTree = "<group>"; };
		9F25A9F31B03B12200FAF1EA /* testTests.xctest */ = {isa = PBXFileReference; explicitFileType = wrapper.cfbundle; includeInIndex = 0; path = testTests.xctest; sourceTree = BUILT_PRODUCTS_DIR; };
		9F25A9F81B03B12200FAF1EA /* Info.plist */ = {isa = PBXFileReference; lastKnownFileType = text.plist.xml; path = Info.plist; sourceTree = "<group>"; };
		9F25A9F91B03B12200FAF1EA /* testTests.m */ = {isa = PBXFileReference; lastKnownFileType = sourcecode.c.objc; path = testTests.m; sourceTree = "<group>"; };
/* End PBXFileReference section */

/* Begin PBXFrameworksBuildPhase section */
		9F25A9DA1B03B12200FAF1EA /* Frameworks */ = {
			isa = PBXFrameworksBuildPhase;
			buildActionMask = 2147483647;
			files = (
			);
			runOnlyForDeploymentPostprocessing = 0;
		};
		9F25A9F01B03B12200FAF1EA /* Frameworks */ = {
			isa = PBXFrameworksBuildPhase;
			buildActionMask = 2147483647;
			files = (
			);
			runOnlyForDeploymentPostprocessing = 0;
		};
/* End PBXFrameworksBuildPhase section */

/* Begin PBXGroup section */
		9F25A9D41B03B12200FAF1EA = {
			isa = PBXGroup;
			children = (
				9F25A9DF1B03B12200FAF1EA /* test */,
				9F25A9F61B03B12200FAF1EA /* testTests */,
				9F25A9DE1B03B12200FAF1EA /* Products */,
			);
			sourceTree = "<group>";
		};
		9F25A9DE1B03B12200FAF1EA /* Products */ = {
			isa = PBXGroup;
			children = (
				9F25A9DD1B03B12200FAF1EA /* test.app */,
				9F25A9F31B03B12200FAF1EA /* testTests.xctest */,
			);
			name = Products;
			sourceTree = "<group>";
		};
		9F25A9DF1B03B12200FAF1EA /* test */ = {
			isa = PBXGroup;
			children = (
				9F25A9E21B03B12200FAF1EA /* AppDelegate.h */,
				9F25A9E31B03B12200FAF1EA /* AppDelegate.m */,
				9F25A9E71B03B12200FAF1EA /* ViewController.h */,
				9F25A9E81B03B12200FAF1EA /* ViewController.m */,
				9F25A9EA1B03B12200FAF1EA /* Images.xcassets */,
				9F25A9EC1B03B12200FAF1EA /* Main.storyboard */,
				9F25A9E01B03B12200FAF1EA /* Supporting Files */,
			);
			path = test;
			sourceTree = "<group>";
		};
		9F25A9E01B03B12200FAF1EA /* Supporting Files */ = {
			isa = PBXGroup;
			children = (
				9F25A9E11B03B12200FAF1EA /* Info.plist */,
				9F25A9E51B03B12200FAF1EA /* main.m */,
			);
			name = "Supporting Files";
			sourceTree = "<group>";
		};
		9F25A9F61B03B12200FAF1EA /* testTests */ = {
			isa = PBXGroup;
			children = (
				9F25A9F91B03B12200FAF1EA /* testTests.m */,
				9F25A9F71B03B12200FAF1EA /* Supporting Files */,
			);
			path = testTests;
			sourceTree = "<group>";
		};
		9F25A9F71B03B12200FAF1EA /* Supporting Files */ = {
			isa = PBXGroup;
			children = (
				9F25A9F81B03B12200FAF1EA /* Info.plist */,
			);
			name = "Supporting Files";
			sourceTree = "<group>";
		};
/* End PBXGroup section */

/* Begin PBXNativeTarget section */
		9F25A9DC1B03B12200FAF1EA /* test */ = {
			isa = PBXNativeTarget;
			buildConfigurationList = 9F25A9FD1B03B12200FAF1EA /* Build configuration list for PBXNativeTarget "test" */;
			buildPhases = (
				9F25A9D91B03B12200FAF1EA /* Sources */,
				9F25A9DA1B03B12200FAF1EA /* Frameworks */,
				9F25A9DB1B03B12200FAF1EA /* Resources */,
			);
			buildRules = (
			);
			dependencies = (
			);
			name = test;
			productName = test;
			productReference = 9F25A9DD1B03B12200FAF1EA /* test.app */;
			productType = "com.apple.product-type.application";
		};
		9F25A9F21B03B12200FAF1EA /* testTests */ = {
			isa = PBXNativeTarget;
			buildConfigurationList = 9F25AA001B03B12200FAF1EA /* Build configuration list for PBXNativeTarget "testTests" */;
			buildPhases = (
				9F25A9EF1B03B12200FAF1EA /* Sources */,
				9F25A9F01B03B12200FAF1EA /* Frameworks */,
				9F25A9F11B03B12200FAF1EA /* Resources */,
			);
			buildRules = (
			);
			dependencies = (
				9F25A9F51B03B12200FAF1EA /* PBXTargetDependency */,
			);
			name = testTests;
			productName = testTests;
			productReference = 9F25A9F31B03B12200FAF1EA /* testTests.xctest */;
			productType = "com.apple.product-type.bundle.unit-test";
		};
/* End PBXNativeTarget section */

/* Begin PBXProject section */
		9F25A9D51B03B12200FAF1EA /* Project object */ = {
			isa = PBXProject;
			attributes = {
				LastUpgradeCheck = 0610;
				ORGANIZATIONNAME = "Peter Barnes";
				TargetAttributes = {
					9F25A9DC1B03B12200FAF1EA = {
						CreatedOnToolsVersion = 6.1.1;
					};
					9F25A9F21B03B12200FAF1EA = {
						CreatedOnToolsVersion = 6.1.1;
						TestTargetID = 9F25A9DC1B03B12200FAF1EA;
					};
				};
			};
			buildConfigurationList = 9F25A9D81B03B12200FAF1EA /* Build configuration list for PBXProject "test" */;
			compatibilityVersion = "Xcode 3.2";
			developmentRegion = English;
			hasScannedForEncodings = 0;
			knownRegions = (
				en,
				Base,
			);
			mainGroup = 9F25A9D41B03B12200FAF1EA;
			productRefGroup = 9F25A9DE1B03B12200FAF1EA /* Products */;
			projectDirPath = "";
			projectRoot = "";
			targets = (
				9F25A9DC1B03B12200FAF1EA /* test */,
				9F25A9F21B03B12200FAF1EA /* testTests */,
			);
		};
/* End PBXProject section */

/* Begin PBXResourcesBuildPhase section */
		9F25A9DB1B03B12200FAF1EA /* Resources */ = {
			isa = PBXResourcesBuildPhase;
			buildActionMask = 2147483647;
			files = (
				9F25A9EB1B03B12200FAF1EA /* Images.xcassets in Resources */,
				9F25A9EE1B03B12200FAF1EA /* Main.storyboard in Resources */,
			);
			runOnlyForDeploymentPostprocessing = 0;
		};
		9F25A9F11B03B12200FAF1EA /* Resources */ = {
			isa = PBXResourcesBuildPhase;
			buildActionMask = 2147483647;
			files = (
			);
			runOnlyForDeploymentPostprocessing = 0;
		};
/* End PBXResourcesBuildPhase section */

/* Begin PBXSourcesBuildPhase section */
		9F25A9D91B03B12200FAF1EA /* Sources */ = {
			isa = PBXSourcesBuildPhase;
			buildActionMask = 2147483647;
			files = (
				9F25A9E91B03B12200FAF1EA /* ViewController.m in Sources */,
				9F25A9E61B03B12200FAF1EA /* main.m in Sources */,
				9F25A9E41B03B12200FAF1EA /* AppDelegate.m in Sources */,
			);
			runOnlyForDeploymentPostprocessing = 0;
		};
		9F25A9EF1B03B12200FAF1EA /* Sources */ = {
			isa = PBXSourcesBuildPhase;
			buildActionMask = 2147483647;
			files = (
				9F25A9FA1B03B12200FAF1EA /* testTests.m in Sources */,
			);
			runOnlyForDeploymentPostprocessing = 0;
		};
/* End PBXSourcesBuildPhase section */

/* Begin PBXTargetDependency section */
		9F25A9F51B03B12200FAF1EA /* PBXTargetDependency */ = {
			isa = PBXTargetDependency;
			target = 9F25A9DC1B03B12200FAF1EA /* test */;
			targetProxy = 9F25A9F41B03B12200FAF1EA /* PBXContainerItemProxy */;
		};
/* End PBXTargetDependency section */

/* Begin PBXVariantGroup section */
		9F25A9EC1B03B12200FAF1EA /* Main.storyboard */ = {
			isa = PBXVariantGroup;
			children = (
				9F25A9ED1B03B12200FAF1EA /* Base */,
			);
			name = Main.storyboard;
			sourceTree = "<group>";
		};
/* End PBXVariantGroup section */

/* Begin XCBuildConfiguration section */
		9F25A9FB1B03B12200FAF1EA /* Debug */ = {
			isa = XCBuildConfiguration;
			buildSettings = {
				ALWAYS_SEARCH_USER_PATHS = NO;
				CLANG_CXX_LANGUAGE_STANDARD = "gnu++0x";
				CLANG_CXX_LIBRARY = "libc++";
				CLANG_ENABLE_MODULES = YES;
				CLANG_ENABLE_OBJC_ARC = YES;
				CLANG_WARN_BOOL_CONVERSION = YES;
				CLANG_WARN_CONSTANT_CONVERSION = YES;
				CLANG_WARN_DIRECT_OBJC_ISA_USAGE = YES_ERROR;
				CLANG_WARN_EMPTY_BODY = YES;
				CLANG_WARN_ENUM_CONVERSION = YES;
				CLANG_WARN_INT_CONVERSION = YES;
				CLANG_WARN_OBJC_ROOT_CLASS = YES_ERROR;
				CLANG_WARN_UNREACHABLE_CODE = YES;
				CLANG_WARN__DUPLICATE_METHOD_MATCH = YES;
				CODE_SIGN_IDENTITY = "-";
				COPY_PHASE_STRIP = NO;
				ENABLE_STRICT_OBJC_MSGSEND = YES;
				GCC_C_LANGUAGE_STANDARD = gnu99;
				GCC_DYNAMIC_NO_PIC = NO;
				GCC_OPTIMIZATION_LEVEL = 0;
				GCC_PREPROCESSOR_DEFINITIONS = (
					"DEBUG=1",
					"$(inherited)",
				);
				GCC_SYMBOLS_PRIVATE_EXTERN = NO;
				GCC_WARN_64_TO_32_BIT_CONVERSION = YES;
				GCC_WARN_ABOUT_RETURN_TYPE = YES_ERROR;
				GCC_WARN_UNDECLARED_SELECTOR = YES;
				GCC_WARN_UNINITIALIZED_AUTOS = YES_AGGRESSIVE;
				GCC_WARN_UNUSED_FUNCTION = YES;
				GCC_WARN_UNUSED_VARIABLE = YES;
				MACOSX_DEPLOYMENT_TARGET = 10.10;
				MTL_ENABLE_DEBUG_INFO = YES;
				ONLY_ACTIVE_ARCH = YES;
				SDKROOT = macosx;
			};
			name = Debug;
		};
		9F25A9FC1B03B12200FAF1EA /* Release */ = {
			isa = XCBuildConfiguration;
			buildSettings = {
				ALWAYS_SEARCH_USER_PATHS = NO;
				CLANG_CXX_LANGUAGE_STANDARD = "gnu++0x";
				CLANG_CXX_LIBRARY = "libc++";
				CLANG_ENABLE_MODULES = YES;
				CLANG_ENABLE_OBJC_ARC = YES;
				CLANG_WARN_BOOL_CONVERSION = YES;
				CLANG_WARN_CONSTANT_CONVERSION = YES;
				CLANG_WARN_DIRECT_OBJC_ISA_USAGE = YES_ERROR;
				CLANG_WARN_EMPTY_BODY = YES;
				CLANG_WARN_ENUM_CONVERSION = YES;
				CLANG_WARN_INT_CONVERSION = YES;
				CLANG_WARN_OBJC_ROOT_CLASS = YES_ERROR;
				CLANG_WARN_UNREACHABLE_CODE = YES;
				CLANG_WARN__DUPLICATE_METHOD_MATCH = YES;
				CODE_SIGN_IDENTITY = "-";
				COPY_PHASE_STRIP = YES;
				DEBUG_INFORMATION_FORMAT = "dwarf-with-dsym";
				ENABLE_NS_ASSERTIONS = NO;
				ENABLE_STRICT_OBJC_MSGSEND = YES;
				GCC_C_LANGUAGE_STANDARD = gnu99;
				GCC_WARN_64_TO_32_BIT_CONVERSION = YES;
				GCC_WARN_ABOUT_RETURN_TYPE = YES_ERROR;
				GCC_WARN_UNDECLARED_SELECTOR = YES;
				GCC_WARN_UNINITIALIZED_AUTOS = YES_AGGRESSIVE;
				GCC_WARN_UNUSED_FUNCTION = YES;
				GCC_WARN_UNUSED_VARIABLE = YES;
				MACOSX_DEPLOYMENT_TARGET = 10.10;
				MTL_ENABLE_DEBUG_INFO = NO;
				SDKROOT = macosx;
			};
			name = Release;
		};
		9F25A9FE1B03B12200FAF1EA /* Debug */ = {
			isa = XCBuildConfiguration;
			buildSettings = {
				ASSETCATALOG_COMPILER_APPICON_NAME = AppIcon;
				COMBINE_HIDPI_IMAGES = YES;
				INFOPLIST_FILE = test/Info.plist;
				LD_RUNPATH_SEARCH_PATHS = "$(inherited) @executable_path/../Frameworks";
				PRODUCT_NAME = "$(TARGET_NAME)";
			};
			name = Debug;
		};
		9F25A9FF1B03B12200FAF1EA /* Release */ = {
			isa = XCBuildConfiguration;
			buildSettings = {
				ASSETCATALOG_COMPILER_APPICON_NAME = AppIcon;
				COMBINE_HIDPI_IMAGES = YES;
				INFOPLIST_FILE = test/Info.plist;
				LD_RUNPATH_SEARCH_PATHS = "$(inherited) @executable_path/../Frameworks";
				PRODUCT_NAME = "$(TARGET_NAME)";
			};
			name = Release;
		};
		9F25AA011B03B12200FAF1EA /* Debug */ = {
			isa = XCBuildConfiguration;
			buildSettings = {
				BUNDLE_LOADER = "$(TEST_HOST)";
				COMBINE_HIDPI_IMAGES = YES;
				FRAMEWORK_SEARCH_PATHS = (
					"$(DEVELOPER_FRAMEWORKS_DIR)",
					"$(inherited)",
				);
				GCC_PREPROCESSOR_DEFINITIONS = (
					"DEBUG=1",
					"$(inherited)",
				);
				INFOPLIST_FILE = testTests/Info.plist;
				LD_RUNPATH_SEARCH_PATHS = "$(inherited) @executable_path/../Frameworks @loader_path/../Frameworks";
				PRODUCT_NAME = "$(TARGET_NAME)";
				TEST_HOST = "$(BUILT_PRODUCTS_DIR)/test.app/Contents/MacOS/test";
			};
			name = Debug;
		};
		9F25AA021B03B12200FAF1EA /* Release */ = {
			isa = XCBuildConfiguration;
			buildSettings = {
				BUNDLE_LOADER = "$(TEST_HOST)";
				COMBINE_HIDPI_IMAGES = YES;
				FRAMEWORK_SEARCH_PATHS = (
					"$(DEVELOPER_FRAMEWORKS_DIR)",
					"$(inherited)",
				);
				INFOPLIST_FILE = testTests/Info.plist;
				LD_RUNPATH_SEARCH_PATHS = "$(inherited) @executable_path/../Frameworks @loader_path/../Frameworks";
				PRODUCT_NAME = "$(TARGET_NAME)";
				TEST_HOST = "$(BUILT_PRODUCTS_DIR)/test.app/Contents/MacOS/test";
			};
			name = Release;
		};
/* End XCBuildConfiguration section */

/* Begin XCConfigurationList section */
		9F25A9D81B03B12200FAF1EA /* Build configuration list for PBXProject "test" */ = {
			isa = XCConfigurationList;
			buildConfigurations = (
				9F25A9FB1B03B12200FAF1EA /* Debug */,
				9F25A9FC1B03B12200FAF1EA /* Release */,
			);
			defaultConfigurationIsVisible = 0;
			defaultConfigurationName = Release;
		};
		9F25A9FD1B03B12200FAF1EA /* Build configuration list for PBXNativeTarget "test" */ = {
			isa = XCConfigurationList;
			buildConfigurations = (
				9F25A9FE1B03B12200FAF1EA /* Debug */,
				9F25A9FF1B03B12200FAF1EA /* Release */,
			);
			defaultConfigurationIsVisible = 0;
		};
		9F25AA001B03B12200FAF1EA /* Build configuration list for PBXNativeTarget "testTests" */ = {
			isa = XCConfigurationList;
			buildConfigurations = (
				9F25AA011B03B12200FAF1EA /* Debug */,
				9F25AA021B03B12200FAF1EA /* Release */,
			);
			defaultConfigurationIsVisible = 0;
		};
/* End XCConfigurationList section */
	};
	rootObject = 9F25A9D51B03B12200FAF1EA /* Project object */;
}
